
Microsoft Visual Studio Solution File, Format Version 12.00
# Visual Studio 15
VisualStudioVersion = 15.0.26730.15
MinimumVisualStudioVersion = 10.0.40219.1
Project("{2150E333-8FDC-42A3-9474-1A3956D46DE8}") = "tests", "tests", "{AD5C27E8-56F8-4551-A105-F5890F52EB5D}"
EndProject
Project("{2150E333-8FDC-42A3-9474-1A3956D46DE8}") = "src", "src", "{FB1A86E8-B6BA-4957-82C1-56217C2B2C90}"
EndProject
Project("{9A19103F-16F7-4668-BE54-9A1E7A4F7556}") = "OrderBookLib.ServiceTests", "tests\OrderBookLib.ServiceTests\OrderBookLib.ServiceTests.csproj", "{8B763BF1-D064-48E2-8A8F-59BACF87A9E6}"
EndProject
Project("{9A19103F-16F7-4668-BE54-9A1E7A4F7556}") = "OrderBookLib", "src\OrderBookLib\OrderBookLib.csproj", "{2973C182-FFB8-4550-B36D-713F812834D9}"
EndProject
Project("{9A19103F-16F7-4668-BE54-9A1E7A4F7556}") = "OrderBookWebService", "src\OrderBookWebService\OrderBookWebService.csproj", "{01BD9E7B-3566-4473-9B13-FD736BF4E8C4}"
EndProject
Project("{9A19103F-16F7-4668-BE54-9A1E7A4F7556}") = "OrderBookLib.IntegrationTests", "tests\OrderBookLib.IntegrationTests\OrderBookLib.IntegrationTests.csproj", "{AFEF5F9B-CE4E-474F-A3FD-528DF1669381}"
EndProject
Project("{9A19103F-16F7-4668-BE54-9A1E7A4F7556}") = "OrderBookDemoUI", "src\OrderBookDemoUI\OrderBookDemoUI.csproj", "{FE171531-B38C-4ACA-83E0-73DC0D78DA6B}"
EndProject
Global
	GlobalSection(SolutionConfigurationPlatforms) = preSolution
		Debug|Any CPU = Debug|Any CPU
		Release|Any CPU = Release|Any CPU
	EndGlobalSection
	GlobalSection(ProjectConfigurationPlatforms) = postSolution
		{8B763BF1-D064-48E2-8A8F-59BACF87A9E6}.Debug|Any CPU.ActiveCfg = Debug|Any CPU
		{8B763BF1-D064-48E2-8A8F-59BACF87A9E6}.Debug|Any CPU.Build.0 = Debug|Any CPU
		{8B763BF1-D064-48E2-8A8F-59BACF87A9E6}.Release|Any CPU.ActiveCfg = Release|Any CPU
		{8B763BF1-D064-48E2-8A8F-59BACF87A9E6}.Release|Any CPU.Build.0 = Release|Any CPU
		{2973C182-FFB8-4550-B36D-713F812834D9}.Debug|Any CPU.ActiveCfg = Debug|Any CPU
		{2973C182-FFB8-4550-B36D-713F812834D9}.Debug|Any CPU.Build.0 = Debug|Any CPU
		{2973C182-FFB8-4550-B36D-713F812834D9}.Release|Any CPU.ActiveCfg = Release|Any CPU
		{2973C182-FFB8-4550-B36D-713F812834D9}.Release|Any CPU.Build.0 = Release|Any CPU
		{01BD9E7B-3566-4473-9B13-FD736BF4E8C4}.Debug|Any CPU.ActiveCfg = Debug|Any CPU
		{01BD9E7B-3566-4473-9B13-FD736BF4E8C4}.Debug|Any CPU.Build.0 = Debug|Any CPU
		{01BD9E7B-3566-4473-9B13-FD736BF4E8C4}.Release|Any CPU.ActiveCfg = Release|Any CPU
		{01BD9E7B-3566-4473-9B13-FD736BF4E8C4}.Release|Any CPU.Build.0 = Release|Any CPU
		{AFEF5F9B-CE4E-474F-A3FD-528DF1669381}.Debug|Any CPU.ActiveCfg = Debug|Any CPU
		{AFEF5F9B-CE4E-474F-A3FD-528DF1669381}.Debug|Any CPU.Build.0 = Debug|Any CPU
		{AFEF5F9B-CE4E-474F-A3FD-528DF1669381}.Release|Any CPU.ActiveCfg = Release|Any CPU
		{AFEF5F9B-CE4E-474F-A3FD-528DF1669381}.Release|Any CPU.Build.0 = Release|Any CPU
		{FE171531-B38C-4ACA-83E0-73DC0D78DA6B}.Debug|Any CPU.ActiveCfg = Debug|Any CPU
		{FE171531-B38C-4ACA-83E0-73DC0D78DA6B}.Debug|Any CPU.Build.0 = Debug|Any CPU
		{FE171531-B38C-4ACA-83E0-73DC0D78DA6B}.Release|Any CPU.ActiveCfg = Release|Any CPU
		{FE171531-B38C-4ACA-83E0-73DC0D78DA6B}.Release|Any CPU.Build.0 = Release|Any CPU
	EndGlobalSection
	GlobalSection(SolutionProperties) = preSolution
		HideSolutionNode = FALSE
	EndGlobalSection
	GlobalSection(NestedProjects) = preSolution
		{8B763BF1-D064-48E2-8A8F-59BACF87A9E6} = {AD5C27E8-56F8-4551-A105-F5890F52EB5D}
		{2973C182-FFB8-4550-B36D-713F812834D9} = {FB1A86E8-B6BA-4957-82C1-56217C2B2C90}
		{01BD9E7B-3566-4473-9B13-FD736BF4E8C4} = {FB1A86E8-B6BA-4957-82C1-56217C2B2C90}
		{AFEF5F9B-CE4E-474F-A3FD-528DF1669381} = {AD5C27E8-56F8-4551-A105-F5890F52EB5D}
		{FE171531-B38C-4ACA-83E0-73DC0D78DA6B} = {FB1A86E8-B6BA-4957-82C1-56217C2B2C90}
	EndGlobalSection
	GlobalSection(ExtensibilityGlobals) = postSolution
		SolutionGuid = {2E943CC1-B12C-46CF-BD3E-D4EF8B1740CD}
	EndGlobalSection
EndGlobal
